
Microsoft Visual Studio Solution File, Format Version 12.00
# Visual Studio Version 16
VisualStudioVersion = 16.0.29519.181
MinimumVisualStudioVersion = 10.0.40219.1
Project("{9A19103F-16F7-4668-BE54-9A1E7A4F7556}") = "KafkaProducer", "KafkaProducer\KafkaProducer.csproj", "{92F23B8F-F65E-421C-8265-EA6AE1F91E50}"
EndProject
Project("{9A19103F-16F7-4668-BE54-9A1E7A4F7556}") = "KafkaConsumer", "KafkaConsumer\KafkaConsumer.csproj", "{1015F404-6D57-430D-B6E4-75C82BFE0928}"
EndProject
Project("{FAE04EC0-301F-11D3-BF4B-00C04F79EFBC}") = "KafkaCommon", "KafkaCommon\KafkaCommon.csproj", "{F9DBDE6B-99DA-4ABF-88F7-E45FF3838C82}"
EndProject
Global
	GlobalSection(SolutionConfigurationPlatforms) = preSolution
		Debug|Any CPU = Debug|Any CPU
		Release|Any CPU = Release|Any CPU
	EndGlobalSection
	GlobalSection(ProjectConfigurationPlatforms) = postSolution
		{92F23B8F-F65E-421C-8265-EA6AE1F91E50}.Debug|Any CPU.ActiveCfg = Debug|Any CPU
		{92F23B8F-F65E-421C-8265-EA6AE1F91E50}.Debug|Any CPU.Build.0 = Debug|Any CPU
		{92F23B8F-F65E-421C-8265-EA6AE1F91E50}.Release|Any CPU.ActiveCfg = Release|Any CPU
		{92F23B8F-F65E-421C-8265-EA6AE1F91E50}.Release|Any CPU.Build.0 = Release|Any CPU
		{1015F404-6D57-430D-B6E4-75C82BFE0928}.Debug|Any CPU.ActiveCfg = Debug|Any CPU
		{1015F404-6D57-430D-B6E4-75C82BFE0928}.Debug|Any CPU.Build.0 = Debug|Any CPU
		{1015F404-6D57-430D-B6E4-75C82BFE0928}.Release|Any CPU.ActiveCfg = Release|Any CPU
		{1015F404-6D57-430D-B6E4-75C82BFE0928}.Release|Any CPU.Build.0 = Release|Any CPU
		{F9DBDE6B-99DA-4ABF-88F7-E45FF3838C82}.Debug|Any CPU.ActiveCfg = Debug|Any CPU
		{F9DBDE6B-99DA-4ABF-88F7-E45FF3838C82}.Debug|Any CPU.Build.0 = Debug|Any CPU
		{F9DBDE6B-99DA-4ABF-88F7-E45FF3838C82}.Release|Any CPU.ActiveCfg = Release|Any CPU
		{F9DBDE6B-99DA-4ABF-88F7-E45FF3838C82}.Release|Any CPU.Build.0 = Release|Any CPU
	EndGlobalSection
	GlobalSection(SolutionProperties) = preSolution
		HideSolutionNode = FALSE
	EndGlobalSection
	GlobalSection(ExtensibilityGlobals) = postSolution
		SolutionGuid = {94205354-5A3F-43A1-8158-6F36964A183C}
	EndGlobalSection
EndGlobal
